// !$*UTF8*$!
{
	archiveVersion = 1;
	classes = {
	};
	objectVersion = 46;
	objects = {

/* Begin PBXBuildFile section */
		2727ADA11DA517890070061C /* AppDelegate.swift in Sources */ = {isa = PBXBuildFile; fileRef = 2727ADA01DA517890070061C /* AppDelegate.swift */; };
		2727ADA31DA517890070061C /* ViewController.swift in Sources */ = {isa = PBXBuildFile; fileRef = 2727ADA21DA517890070061C /* ViewController.swift */; };
		2727ADA61DA517890070061C /* Main.storyboard in Resources */ = {isa = PBXBuildFile; fileRef = 2727ADA41DA517890070061C /* Main.storyboard */; };
		2727ADA81DA517890070061C /* Assets.xcassets in Resources */ = {isa = PBXBuildFile; fileRef = 2727ADA71DA517890070061C /* Assets.xcassets */; };
		2727ADAB1DA517890070061C /* LaunchScreen.storyboard in Resources */ = {isa = PBXBuildFile; fileRef = 2727ADA91DA517890070061C /* LaunchScreen.storyboard */; };
		2727ADB41DA519AC0070061C /* MapKit.framework in Frameworks */ = {isa = PBXBuildFile; fileRef = 2727ADB31DA519AC0070061C /* MapKit.framework */; };
/* End PBXBuildFile section */

/* Begin PBXFileReference section */
		2727AD9D1DA517890070061C /* Location.app */ = {isa = PBXFileReference; explicitFileType = wrapper.application; includeInIndex = 0; path = Location.app; sourceTree = BUILT_PRODUCTS_DIR; };
		2727ADA01DA517890070061C /* AppDelegate.swift */ = {isa = PBXFileReference; lastKnownFileType = sourcecode.swift; path = AppDelegate.swift; sourceTree = "<group>"; };
		2727ADA21DA517890070061C /* ViewController.swift */ = {isa = PBXFileReference; lastKnownFileType = sourcecode.swift; path = ViewController.swift; sourceTree = "<group>"; };
		2727ADA51DA517890070061C /* Base */ = {isa = PBXFileReference; lastKnownFileType = file.storyboard; name = Base; path = Base.lproj/Main.storyboard; sourceTree = "<group>"; };
		2727ADA71DA517890070061C /* Assets.xcassets */ = {isa = PBXFileReference; lastKnownFileType = folder.assetcatalog; path = Assets.xcassets; sourceTree = "<group>"; };
		2727ADAA1DA517890070061C /* Base */ = {isa = PBXFileReference; lastKnownFileType = file.storyboard; name = Base; path = Base.lproj/LaunchScreen.storyboard; sourceTree = "<group>"; };
		2727ADAC1DA517890070061C /* Info.plist */ = {isa = PBXFileReference; lastKnownFileType = text.plist.xml; path = Info.plist; sourceTree = "<group>"; };
		2727ADB31DA519AC0070061C /* MapKit.framework */ = {isa = PBXFileReference; lastKnownFileType = wrapper.framework; name = MapKit.framework; path = System/Library/Frameworks/MapKit.framework; sourceTree = SDKROOT; };
/* End PBXFileReference section */

/* Begin PBXFrameworksBuildPhase section */
		2727AD9A1DA517890070061C /* Frameworks */ = {
			isa = PBXFrameworksBuildPhase;
			buildActionMask = 2147483647;
			files = (
				2727ADB41DA519AC0070061C /* MapKit.framework in Frameworks */,
			);
			runOnlyForDeploymentPostprocessing = 0;
		};
/* End PBXFrameworksBuildPhase section */

/* Begin PBXGroup section */
		2727AD941DA517890070061C = {
			isa = PBXGroup;
			children = (
				2727AD9F1DA517890070061C /* Location */,
				2727AD9E1DA517890070061C /* Products */,
				2727ADB21DA519AC0070061C /* Frameworks */,
			);
			sourceTree = "<group>";
		};
		2727AD9E1DA517890070061C /* Products */ = {
			isa = PBXGroup;
			children = (
				2727AD9D1DA517890070061C /* Location.app */,
			);
			name = Products;
			sourceTree = "<group>";
		};
		2727AD9F1DA517890070061C /* Location */ = {
			isa = PBXGroup;
			children = (
				2727ADA01DA517890070061C /* AppDelegate.swift */,
				2727ADA21DA517890070061C /* ViewController.swift */,
				2727ADA41DA517890070061C /* Main.storyboard */,
				2727ADA71DA517890070061C /* Assets.xcassets */,
				2727ADA91DA517890070061C /* LaunchScreen.storyboard */,
				2727ADAC1DA517890070061C /* Info.plist */,
			);
			path = Location;
			sourceTree = "<group>";
		};
		2727ADB21DA519AC0070061C /* Frameworks */ = {
			isa = PBXGroup;
			children = (
				2727ADB31DA519AC0070061C /* MapKit.framework */,
			);
			name = Frameworks;
			sourceTree = "<group>";
		};
/* End PBXGroup section */

/* Begin PBXNativeTarget section */
		2727AD9C1DA517890070061C /* Location */ = {
			isa = PBXNativeTarget;
			buildConfigurationList = 2727ADAF1DA517890070061C /* Build configuration list for PBXNativeTarget "Location" */;
			buildPhases = (
				2727AD991DA517890070061C /* Sources */,
				2727AD9A1DA517890070061C /* Frameworks */,
				2727AD9B1DA517890070061C /* Resources */,
			);
			buildRules = (
			);
			dependencies = (
			);
			name = Location;
			productName = Location;
			productReference = 2727AD9D1DA517890070061C /* Location.app */;
			productType = "com.apple.product-type.application";
		};
/* End PBXNativeTarget section */

/* Begin PBXProject section */
		2727AD951DA517890070061C /* Project object */ = {
			isa = PBXProject;
			attributes = {
				LastSwiftUpdateCheck = 0800;
				LastUpgradeCheck = 0800;
				ORGANIZATIONNAME = "Kyle Goslan";
				TargetAttributes = {
					2727AD9C1DA517890070061C = {
						CreatedOnToolsVersion = 8.0;
						DevelopmentTeam = YGKX7P2G9Y;
						ProvisioningStyle = Automatic;
					};
				};
			};
			buildConfigurationList = 2727AD981DA517890070061C /* Build configuration list for PBXProject "Location" */;
			compatibilityVersion = "Xcode 3.2";
			developmentRegion = English;
			hasScannedForEncodings = 0;
			knownRegions = (
				en,
				Base,
			);
			mainGroup = 2727AD941DA517890070061C;
			productRefGroup = 2727AD9E1DA517890070061C /* Products */;
			projectDirPath = "";
			projectRoot = "";
			targets = (
				2727AD9C1DA517890070061C /* Location */,
			);
		};
/* End PBXProject section */

/* Begin PBXResourcesBuildPhase section */
		2727AD9B1DA517890070061C /* Resources */ = {
			isa = PBXResourcesBuildPhase;
			buildActionMask = 2147483647;
			files = (
				2727ADAB1DA517890070061C /* LaunchScreen.storyboard in Resources */,
				2727ADA81DA517890070061C /* Assets.xcassets in Resources */,
				2727ADA61DA517890070061C /* Main.storyboard in Resources */,
			);
			runOnlyForDeploymentPostprocessing = 0;
		};
/* End PBXResourcesBuildPhase section */

/* Begin PBXSourcesBuildPhase section */
		2727AD991DA517890070061C /* Sources */ = {
			isa = PBXSourcesBuildPhase;
			buildActionMask = 2147483647;
			files = (
				2727ADA31DA517890070061C /* ViewController.swift in Sources */,
				2727ADA11DA517890070061C /* AppDelegate.swift in Sources */,
			);
			runOnlyForDeploymentPostprocessing = 0;
		};
/* End PBXSourcesBuildPhase section */

/* Begin PBXVariantGroup section */
		2727ADA41DA517890070061C /* Main.storyboard */ = {
			isa = PBXVariantGroup;
			children = (
				2727ADA51DA517890070061C /* Base */,
			);
			name = Main.storyboard;
			sourceTree = "<group>";
		};
		2727ADA91DA517890070061C /* LaunchScreen.storyboard */ = {
			isa = PBXVariantGroup;
			children = (
				2727ADAA1DA517890070061C /* Base */,
			);
			name = LaunchScreen.storyboard;
			sourceTree = "<group>";
		};
/* End PBXVariantGroup section */

/* Begin XCBuildConfiguration section */
		2727ADAD1DA517890070061C /* Debug */ = {
			isa = XCBuildConfiguration;
			buildSettings = {
				ALWAYS_SEARCH_USER_PATHS = NO;
				CLANG_ANALYZER_NONNULL = YES;
				CLANG_CXX_LANGUAGE_STANDARD = "gnu++0x";
				CLANG_CXX_LIBRARY = "libc++";
				CLANG_ENABLE_MODULES = YES;
				CLANG_ENABLE_OBJC_ARC = YES;
				CLANG_WARN_BOOL_CONVERSION = YES;
				CLANG_WARN_CONSTANT_CONVERSION = YES;
				CLANG_WARN_DIRECT_OBJC_ISA_USAGE = YES_ERROR;
				CLANG_WARN_DOCUMENTATION_COMMENTS = YES;
				CLANG_WARN_EMPTY_BODY = YES;
				CLANG_WARN_ENUM_CONVERSION = YES;
				CLANG_WARN_INFINITE_RECURSION = YES;
				CLANG_WARN_INT_CONVERSION = YES;
				CLANG_WARN_OBJC_ROOT_CLASS = YES_ERROR;
				CLANG_WARN_SUSPICIOUS_MOVES = YES;
				CLANG_WARN_UNREACHABLE_CODE = YES;
				CLANG_WARN__DUPLICATE_METHOD_MATCH = YES;
				"CODE_SIGN_IDENTITY[sdk=iphoneos*]" = "iPhone Developer";
				COPY_PHASE_STRIP = NO;
				DEBUG_INFORMATION_FORMAT = dwarf;
				ENABLE_STRICT_OBJC_MSGSEND = YES;
				ENABLE_TESTABILITY = YES;
				GCC_C_LANGUAGE_STANDARD = gnu99;
				GCC_DYNAMIC_NO_PIC = NO;
				GCC_NO_COMMON_BLOCKS = YES;
				GCC_OPTIMIZATION_LEVEL = 0;
				GCC_PREPROCESSOR_DEFINITIONS = (
					"DEBUG=1",
					"$(inherited)",
				);
				GCC_WARN_64_TO_32_BIT_CONVERSION = YES;
				GCC_WARN_ABOUT_RETURN_TYPE = YES_ERROR;
				GCC_WARN_UNDECLARED_SELECTOR = YES;
				GCC_WARN_UNINITIALIZED_AUTOS = YES_AGGRESSIVE;
				GCC_WARN_UNUSED_FUNCTION = YES;
				GCC_WARN_UNUSED_VARIABLE = YES;
				IPHONEOS_DEPLOYMENT_TARGET = 10.0;
				MTL_ENABLE_DEBUG_INFO = YES;
				ONLY_ACTIVE_ARCH = YES;
				SDKROOT = iphoneos;
				SWIFT_ACTIVE_COMPILATION_CONDITIONS = DEBUG;
				SWIFT_OPTIMIZATION_LEVEL = "-Onone";
			};
			name = Debug;
		};
		2727ADAE1DA517890070061C /* Release */ = {
			isa = XCBuildConfiguration;
			buildSettings = {
				ALWAYS_SEARCH_USER_PATHS = NO;
				CLANG_ANALYZER_NONNULL = YES;
				CLANG_CXX_LANGUAGE_STANDARD = "gnu++0x";
				CLANG_CXX_LIBRARY = "libc++";
				CLANG_ENABLE_MODULES = YES;
				CLANG_ENABLE_OBJC_ARC = YES;
				CLANG_WARN_BOOL_CONVERSION = YES;
				CLANG_WARN_CONSTANT_CONVERSION = YES;
				CLANG_WARN_DIRECT_OBJC_ISA_USAGE = YES_ERROR;
				CLANG_WARN_DOCUMENTATION_COMMENTS = YES;
				CLANG_WARN_EMPTY_BODY = YES;
				CLANG_WARN_ENUM_CONVERSION = YES;
				CLANG_WARN_INFINITE_RECURSION = YES;
				CLANG_WARN_INT_CONVERSION = YES;
				CLANG_WARN_OBJC_ROOT_CLASS = YES_ERROR;
				CLANG_WARN_SUSPICIOUS_MOVES = YES;
				CLANG_WARN_UNREACHABLE_CODE = YES;
				CLANG_WARN__DUPLICATE_METHOD_MATCH = YES;
				"CODE_SIGN_IDENTITY[sdk=iphoneos*]" = "iPhone Developer";
				COPY_PHASE_STRIP = NO;
				DEBUG_INFORMATION_FORMAT = "dwarf-with-dsym";
				ENABLE_NS_ASSERTIONS = NO;
				ENABLE_STRICT_OBJC_MSGSEND = YES;
				GCC_C_LANGUAGE_STANDARD = gnu99;
				GCC_NO_COMMON_BLOCKS = YES;
				GCC_WARN_64_TO_32_BIT_CONVERSION = YES;
				GCC_WARN_ABOUT_RETURN_TYPE = YES_ERROR;
				GCC_WARN_UNDECLARED_SELECTOR = YES;
				GCC_WARN_UNINITIALIZED_AUTOS = YES_AGGRESSIVE;
				GCC_WARN_UNUSED_FUNCTION = YES;
				GCC_WARN_UNUSED_VARIABLE = YES;
				IPHONEOS_DEPLOYMENT_TARGET = 10.0;
				MTL_ENABLE_DEBUG_INFO = NO;
				SDKROOT = iphoneos;
				SWIFT_OPTIMIZATION_LEVEL = "-Owholemodule";
				VALIDATE_PRODUCT = YES;
			};
			name = Release;
		};
		2727ADB01DA517890070061C /* Debug */ = {
			isa = XCBuildConfiguration;
			buildSettings = {
				ASSETCATALOG_COMPILER_APPICON_NAME = AppIcon;
				DEVELOPMENT_TEAM = YGKX7P2G9Y;
				INFOPLIST_FILE = Location/Info.plist;
				LD_RUNPATH_SEARCH_PATHS = "$(inherited) @executable_path/Frameworks";
				PRODUCT_BUNDLE_IDENTIFIER = co.uk.kylegoslan.Location;
				PRODUCT_NAME = "$(TARGET_NAME)";
				SWIFT_VERSION = 3.0;
			};
			name = Debug;
		};
		2727ADB11DA517890070061C /* Release */ = {
			isa = XCBuildConfiguration;
			buildSettings = {
				ASSETCATALOG_COMPILER_APPICON_NAME = AppIcon;
				DEVELOPMENT_TEAM = YGKX7P2G9Y;
				INFOPLIST_FILE = Location/Info.plist;
				LD_RUNPATH_SEARCH_PATHS = "$(inherited) @executable_path/Frameworks";
				PRODUCT_BUNDLE_IDENTIFIER = co.uk.kylegoslan.Location;
				PRODUCT_NAME = "$(TARGET_NAME)";
				SWIFT_VERSION = 3.0;
			};
			name = Release;
		};
/* End XCBuildConfiguration section */

/* Begin XCConfigurationList section */
		2727AD981DA517890070061C /* Build configuration list for PBXProject "Location" */ = {
			isa = XCConfigurationList;
			buildConfigurations = (
				2727ADAD1DA517890070061C /* Debug */,
				2727ADAE1DA517890070061C /* Release */,
			);
			defaultConfigurationIsVisible = 0;
			defaultConfigurationName = Release;
		};
		2727ADAF1DA517890070061C /* Build configuration list for PBXNativeTarget "Location" */ = {
			isa = XCConfigurationList;
			buildConfigurations = (
				2727ADB01DA517890070061C /* Debug */,
				2727ADB11DA517890070061C /* Release */,
			);
			defaultConfigurationIsVisible = 0;
		};
/* End XCConfigurationList section */
	};
	rootObject = 2727AD951DA517890070061C /* Project object */;
}
